
Microsoft Visual Studio Solution File, Format Version 12.00
# Visual Studio Version 16
VisualStudioVersion = 16.0.30907.101
MinimumVisualStudioVersion = 10.0.40219.1
Project("{FAE04EC0-301F-11D3-BF4B-00C04F79EFBC}") = "ControleDeHorasTrabalhadas", "ControleDeHorasTrabalhadas\ControleDeHorasTrabalhadas.csproj", "{469FDFED-98DD-4496-9EA9-8D7AE8F7AA3A}"
EndProject
Project("{54435603-DBB4-11D2-8724-00A0C9A8B90C}") = "InstaladorPonto", "ControleDeHorasTrabalhadas\Instalador\InstaladorPonto\InstaladorPonto.vdproj", "{5275D7A7-AC36-477F-8296-892EE92DB9DF}"
EndProject
Global
	GlobalSection(SolutionConfigurationPlatforms) = preSolution
		Debug|Any CPU = Debug|Any CPU
		Release|Any CPU = Release|Any CPU
	EndGlobalSection
	GlobalSection(ProjectConfigurationPlatforms) = postSolution
		{469FDFED-98DD-4496-9EA9-8D7AE8F7AA3A}.Debug|Any CPU.ActiveCfg = Debug|Any CPU
		{469FDFED-98DD-4496-9EA9-8D7AE8F7AA3A}.Debug|Any CPU.Build.0 = Debug|Any CPU
		{469FDFED-98DD-4496-9EA9-8D7AE8F7AA3A}.Release|Any CPU.ActiveCfg = Release|Any CPU
		{469FDFED-98DD-4496-9EA9-8D7AE8F7AA3A}.Release|Any CPU.Build.0 = Release|Any CPU
		{5275D7A7-AC36-477F-8296-892EE92DB9DF}.Debug|Any CPU.ActiveCfg = Debug
		{5275D7A7-AC36-477F-8296-892EE92DB9DF}.Release|Any CPU.ActiveCfg = Release
	EndGlobalSection
	GlobalSection(SolutionProperties) = preSolution
		HideSolutionNode = FALSE
	EndGlobalSection
	GlobalSection(ExtensibilityGlobals) = postSolution
		SolutionGuid = {AD22B363-536D-43E1-8288-F6B136BD614D}
	EndGlobalSection
EndGlobal
